// !$*UTF8*$!
{
	archiveVersion = 1;
	classes = {
	};
	objectVersion = 50;
	objects = {

/* Begin PBXBuildFile section */
		ED0D895826337683009CB258 /* Item.swift in Sources */ = {isa = PBXBuildFile; fileRef = ED0D895726337683009CB258 /* Item.swift */; };
		ED4305732630B88E0035A197 /* AppDelegate.swift in Sources */ = {isa = PBXBuildFile; fileRef = ED4305722630B88E0035A197 /* AppDelegate.swift */; };
		ED4305752630B88E0035A197 /* ViewController.swift in Sources */ = {isa = PBXBuildFile; fileRef = ED4305742630B88E0035A197 /* ViewController.swift */; };
		ED4305782630B88E0035A197 /* Main.storyboard in Resources */ = {isa = PBXBuildFile; fileRef = ED4305762630B88E0035A197 /* Main.storyboard */; };
		ED43057A2630B8910035A197 /* Assets.xcassets in Resources */ = {isa = PBXBuildFile; fileRef = ED4305792630B8910035A197 /* Assets.xcassets */; };
		ED43057D2630B8910035A197 /* LaunchScreen.storyboard in Resources */ = {isa = PBXBuildFile; fileRef = ED43057B2630B8910035A197 /* LaunchScreen.storyboard */; };
		EDFAAF842633532600BD1C3D /* Refeicao.swift in Sources */ = {isa = PBXBuildFile; fileRef = EDFAAF832633532600BD1C3D /* Refeicao.swift */; };
/* End PBXBuildFile section */

/* Begin PBXFileReference section */
		ED0D895726337683009CB258 /* Item.swift */ = {isa = PBXFileReference; lastKnownFileType = sourcecode.swift; path = Item.swift; sourceTree = "<group>"; };
		ED43056F2630B88E0035A197 /* eggplant-brownie.app */ = {isa = PBXFileReference; explicitFileType = wrapper.application; includeInIndex = 0; path = "eggplant-brownie.app"; sourceTree = BUILT_PRODUCTS_DIR; };
		ED4305722630B88E0035A197 /* AppDelegate.swift */ = {isa = PBXFileReference; lastKnownFileType = sourcecode.swift; path = AppDelegate.swift; sourceTree = "<group>"; };
		ED4305742630B88E0035A197 /* ViewController.swift */ = {isa = PBXFileReference; lastKnownFileType = sourcecode.swift; path = ViewController.swift; sourceTree = "<group>"; };
		ED4305772630B88E0035A197 /* Base */ = {isa = PBXFileReference; lastKnownFileType = file.storyboard; name = Base; path = Base.lproj/Main.storyboard; sourceTree = "<group>"; };
		ED4305792630B8910035A197 /* Assets.xcassets */ = {isa = PBXFileReference; lastKnownFileType = folder.assetcatalog; path = Assets.xcassets; sourceTree = "<group>"; };
		ED43057C2630B8910035A197 /* Base */ = {isa = PBXFileReference; lastKnownFileType = file.storyboard; name = Base; path = Base.lproj/LaunchScreen.storyboard; sourceTree = "<group>"; };
		ED43057E2630B8910035A197 /* Info.plist */ = {isa = PBXFileReference; lastKnownFileType = text.plist.xml; path = Info.plist; sourceTree = "<group>"; };
		EDFAAF822631FDFF00BD1C3D /* MyPlayground.playground */ = {isa = PBXFileReference; lastKnownFileType = file.playground; name = MyPlayground.playground; path = ../../MyPlayground.playground; sourceTree = "<group>"; xcLanguageSpecificationIdentifier = xcode.lang.swift; };
		EDFAAF832633532600BD1C3D /* Refeicao.swift */ = {isa = PBXFileReference; lastKnownFileType = sourcecode.swift; path = Refeicao.swift; sourceTree = "<group>"; };
/* End PBXFileReference section */

/* Begin PBXFrameworksBuildPhase section */
		ED43056C2630B88E0035A197 /* Frameworks */ = {
			isa = PBXFrameworksBuildPhase;
			buildActionMask = 2147483647;
			files = (
			);
			runOnlyForDeploymentPostprocessing = 0;
		};
/* End PBXFrameworksBuildPhase section */

/* Begin PBXGroup section */
		ED0D895926337755009CB258 /* Models */ = {
			isa = PBXGroup;
			children = (
				EDFAAF832633532600BD1C3D /* Refeicao.swift */,
				ED0D895726337683009CB258 /* Item.swift */,
			);
			path = Models;
			sourceTree = "<group>";
		};
		ED0D895A263378E6009CB258 /* Controllers */ = {
			isa = PBXGroup;
			children = (
				ED4305742630B88E0035A197 /* ViewController.swift */,
			);
			path = Controllers;
			sourceTree = "<group>";
		};
		ED0D895B26337954009CB258 /* Views */ = {
			isa = PBXGroup;
			children = (
				ED4305762630B88E0035A197 /* Main.storyboard */,
			);
			path = Views;
			sourceTree = "<group>";
		};
		ED4305662630B88E0035A197 = {
			isa = PBXGroup;
			children = (
				ED4305712630B88E0035A197 /* eggplant-brownie */,
				ED4305702630B88E0035A197 /* Products */,
			);
			sourceTree = "<group>";
		};
		ED4305702630B88E0035A197 /* Products */ = {
			isa = PBXGroup;
			children = (
				ED43056F2630B88E0035A197 /* eggplant-brownie.app */,
			);
			name = Products;
			sourceTree = "<group>";
		};
		ED4305712630B88E0035A197 /* eggplant-brownie */ = {
			isa = PBXGroup;
			children = (
				ED0D895926337755009CB258 /* Models */,
				ED0D895B26337954009CB258 /* Views */,
				ED0D895A263378E6009CB258 /* Controllers */,
				ED4305722630B88E0035A197 /* AppDelegate.swift */,
				ED4305792630B8910035A197 /* Assets.xcassets */,
				EDFAAF822631FDFF00BD1C3D /* MyPlayground.playground */,
				ED43057B2630B8910035A197 /* LaunchScreen.storyboard */,
				ED43057E2630B8910035A197 /* Info.plist */,
			);
			path = "eggplant-brownie";
			sourceTree = "<group>";
		};
/* End PBXGroup section */

/* Begin PBXNativeTarget section */
		ED43056E2630B88E0035A197 /* eggplant-brownie */ = {
			isa = PBXNativeTarget;
			buildConfigurationList = ED4305812630B8910035A197 /* Build configuration list for PBXNativeTarget "eggplant-brownie" */;
			buildPhases = (
				ED43056B2630B88E0035A197 /* Sources */,
				ED43056C2630B88E0035A197 /* Frameworks */,
				ED43056D2630B88E0035A197 /* Resources */,
			);
			buildRules = (
			);
			dependencies = (
			);
			name = "eggplant-brownie";
			productName = "eggplant-brownie";
			productReference = ED43056F2630B88E0035A197 /* eggplant-brownie.app */;
			productType = "com.apple.product-type.application";
		};
/* End PBXNativeTarget section */

/* Begin PBXProject section */
		ED4305672630B88E0035A197 /* Project object */ = {
			isa = PBXProject;
			attributes = {
				LastSwiftUpdateCheck = 1010;
				LastUpgradeCheck = 1010;
				ORGANIZATIONNAME = Alura;
				TargetAttributes = {
					ED43056E2630B88E0035A197 = {
						CreatedOnToolsVersion = 10.1;
					};
				};
			};
			buildConfigurationList = ED43056A2630B88E0035A197 /* Build configuration list for PBXProject "eggplant-brownie" */;
			compatibilityVersion = "Xcode 9.3";
			developmentRegion = en;
			hasScannedForEncodings = 0;
			knownRegions = (
				en,
				Base,
			);
			mainGroup = ED4305662630B88E0035A197;
			productRefGroup = ED4305702630B88E0035A197 /* Products */;
			projectDirPath = "";
			projectRoot = "";
			targets = (
				ED43056E2630B88E0035A197 /* eggplant-brownie */,
			);
		};
/* End PBXProject section */

/* Begin PBXResourcesBuildPhase section */
		ED43056D2630B88E0035A197 /* Resources */ = {
			isa = PBXResourcesBuildPhase;
			buildActionMask = 2147483647;
			files = (
				ED43057D2630B8910035A197 /* LaunchScreen.storyboard in Resources */,
				ED43057A2630B8910035A197 /* Assets.xcassets in Resources */,
				ED4305782630B88E0035A197 /* Main.storyboard in Resources */,
			);
			runOnlyForDeploymentPostprocessing = 0;
		};
/* End PBXResourcesBuildPhase section */

/* Begin PBXSourcesBuildPhase section */
		ED43056B2630B88E0035A197 /* Sources */ = {
			isa = PBXSourcesBuildPhase;
			buildActionMask = 2147483647;
			files = (
				ED0D895826337683009CB258 /* Item.swift in Sources */,
				ED4305752630B88E0035A197 /* ViewController.swift in Sources */,
				EDFAAF842633532600BD1C3D /* Refeicao.swift in Sources */,
				ED4305732630B88E0035A197 /* AppDelegate.swift in Sources */,
			);
			runOnlyForDeploymentPostprocessing = 0;
		};
/* End PBXSourcesBuildPhase section */

/* Begin PBXVariantGroup section */
		ED4305762630B88E0035A197 /* Main.storyboard */ = {
			isa = PBXVariantGroup;
			children = (
				ED4305772630B88E0035A197 /* Base */,
			);
			name = Main.storyboard;
			sourceTree = "<group>";
		};
		ED43057B2630B8910035A197 /* LaunchScreen.storyboard */ = {
			isa = PBXVariantGroup;
			children = (
				ED43057C2630B8910035A197 /* Base */,
			);
			name = LaunchScreen.storyboard;
			sourceTree = "<group>";
		};
/* End PBXVariantGroup section */

/* Begin XCBuildConfiguration section */
		ED43057F2630B8910035A197 /* Debug */ = {
			isa = XCBuildConfiguration;
			buildSettings = {
				ALWAYS_SEARCH_USER_PATHS = NO;
				CLANG_ANALYZER_NONNULL = YES;
				CLANG_ANALYZER_NUMBER_OBJECT_CONVERSION = YES_AGGRESSIVE;
				CLANG_CXX_LANGUAGE_STANDARD = "gnu++14";
				CLANG_CXX_LIBRARY = "libc++";
				CLANG_ENABLE_MODULES = YES;
				CLANG_ENABLE_OBJC_ARC = YES;
				CLANG_ENABLE_OBJC_WEAK = YES;
				CLANG_WARN_BLOCK_CAPTURE_AUTORELEASING = YES;
				CLANG_WARN_BOOL_CONVERSION = YES;
				CLANG_WARN_COMMA = YES;
				CLANG_WARN_CONSTANT_CONVERSION = YES;
				CLANG_WARN_DEPRECATED_OBJC_IMPLEMENTATIONS = YES;
				CLANG_WARN_DIRECT_OBJC_ISA_USAGE = YES_ERROR;
				CLANG_WARN_DOCUMENTATION_COMMENTS = YES;
				CLANG_WARN_EMPTY_BODY = YES;
				CLANG_WARN_ENUM_CONVERSION = YES;
				CLANG_WARN_INFINITE_RECURSION = YES;
				CLANG_WARN_INT_CONVERSION = YES;
				CLANG_WARN_NON_LITERAL_NULL_CONVERSION = YES;
				CLANG_WARN_OBJC_IMPLICIT_RETAIN_SELF = YES;
				CLANG_WARN_OBJC_LITERAL_CONVERSION = YES;
				CLANG_WARN_OBJC_ROOT_CLASS = YES_ERROR;
				CLANG_WARN_RANGE_LOOP_ANALYSIS = YES;
				CLANG_WARN_STRICT_PROTOTYPES = YES;
				CLANG_WARN_SUSPICIOUS_MOVE = YES;
				CLANG_WARN_UNGUARDED_AVAILABILITY = YES_AGGRESSIVE;
				CLANG_WARN_UNREACHABLE_CODE = YES;
				CLANG_WARN__DUPLICATE_METHOD_MATCH = YES;
				CODE_SIGN_IDENTITY = "iPhone Developer";
				COPY_PHASE_STRIP = NO;
				DEBUG_INFORMATION_FORMAT = dwarf;
				ENABLE_STRICT_OBJC_MSGSEND = YES;
				ENABLE_TESTABILITY = YES;
				GCC_C_LANGUAGE_STANDARD = gnu11;
				GCC_DYNAMIC_NO_PIC = NO;
				GCC_NO_COMMON_BLOCKS = YES;
				GCC_OPTIMIZATION_LEVEL = 0;
				GCC_PREPROCESSOR_DEFINITIONS = (
					"DEBUG=1",
					"$(inherited)",
				);
				GCC_WARN_64_TO_32_BIT_CONVERSION = YES;
				GCC_WARN_ABOUT_RETURN_TYPE = YES_ERROR;
				GCC_WARN_UNDECLARED_SELECTOR = YES;
				GCC_WARN_UNINITIALIZED_AUTOS = YES_AGGRESSIVE;
				GCC_WARN_UNUSED_FUNCTION = YES;
				GCC_WARN_UNUSED_VARIABLE = YES;
				IPHONEOS_DEPLOYMENT_TARGET = 12.1;
				MTL_ENABLE_DEBUG_INFO = INCLUDE_SOURCE;
				MTL_FAST_MATH = YES;
				ONLY_ACTIVE_ARCH = YES;
				SDKROOT = iphoneos;
				SWIFT_ACTIVE_COMPILATION_CONDITIONS = DEBUG;
				SWIFT_OPTIMIZATION_LEVEL = "-Onone";
			};
			name = Debug;
		};
		ED4305802630B8910035A197 /* Release */ = {
			isa = XCBuildConfiguration;
			buildSettings = {
				ALWAYS_SEARCH_USER_PATHS = NO;
				CLANG_ANALYZER_NONNULL = YES;
				CLANG_ANALYZER_NUMBER_OBJECT_CONVERSION = YES_AGGRESSIVE;
				CLANG_CXX_LANGUAGE_STANDARD = "gnu++14";
				CLANG_CXX_LIBRARY = "libc++";
				CLANG_ENABLE_MODULES = YES;
				CLANG_ENABLE_OBJC_ARC = YES;
				CLANG_ENABLE_OBJC_WEAK = YES;
				CLANG_WARN_BLOCK_CAPTURE_AUTORELEASING = YES;
				CLANG_WARN_BOOL_CONVERSION = YES;
				CLANG_WARN_COMMA = YES;
				CLANG_WARN_CONSTANT_CONVERSION = YES;
				CLANG_WARN_DEPRECATED_OBJC_IMPLEMENTATIONS = YES;
				CLANG_WARN_DIRECT_OBJC_ISA_USAGE = YES_ERROR;
				CLANG_WARN_DOCUMENTATION_COMMENTS = YES;
				CLANG_WARN_EMPTY_BODY = YES;
				CLANG_WARN_ENUM_CONVERSION = YES;
				CLANG_WARN_INFINITE_RECURSION = YES;
				CLANG_WARN_INT_CONVERSION = YES;
				CLANG_WARN_NON_LITERAL_NULL_CONVERSION = YES;
				CLANG_WARN_OBJC_IMPLICIT_RETAIN_SELF = YES;
				CLANG_WARN_OBJC_LITERAL_CONVERSION = YES;
				CLANG_WARN_OBJC_ROOT_CLASS = YES_ERROR;
				CLANG_WARN_RANGE_LOOP_ANALYSIS = YES;
				CLANG_WARN_STRICT_PROTOTYPES = YES;
				CLANG_WARN_SUSPICIOUS_MOVE = YES;
				CLANG_WARN_UNGUARDED_AVAILABILITY = YES_AGGRESSIVE;
				CLANG_WARN_UNREACHABLE_CODE = YES;
				CLANG_WARN__DUPLICATE_METHOD_MATCH = YES;
				CODE_SIGN_IDENTITY = "iPhone Developer";
				COPY_PHASE_STRIP = NO;
				DEBUG_INFORMATION_FORMAT = "dwarf-with-dsym";
				ENABLE_NS_ASSERTIONS = NO;
				ENABLE_STRICT_OBJC_MSGSEND = YES;
				GCC_C_LANGUAGE_STANDARD = gnu11;
				GCC_NO_COMMON_BLOCKS = YES;
				GCC_WARN_64_TO_32_BIT_CONVERSION = YES;
				GCC_WARN_ABOUT_RETURN_TYPE = YES_ERROR;
				GCC_WARN_UNDECLARED_SELECTOR = YES;
				GCC_WARN_UNINITIALIZED_AUTOS = YES_AGGRESSIVE;
				GCC_WARN_UNUSED_FUNCTION = YES;
				GCC_WARN_UNUSED_VARIABLE = YES;
				IPHONEOS_DEPLOYMENT_TARGET = 12.1;
				MTL_ENABLE_DEBUG_INFO = NO;
				MTL_FAST_MATH = YES;
				SDKROOT = iphoneos;
				SWIFT_COMPILATION_MODE = wholemodule;
				SWIFT_OPTIMIZATION_LEVEL = "-O";
				VALIDATE_PRODUCT = YES;
			};
			name = Release;
		};
		ED4305822630B8910035A197 /* Debug */ = {
			isa = XCBuildConfiguration;
			buildSettings = {
				ASSETCATALOG_COMPILER_APPICON_NAME = AppIcon;
				CODE_SIGN_STYLE = Automatic;
				INFOPLIST_FILE = "eggplant-brownie/Info.plist";
				LD_RUNPATH_SEARCH_PATHS = (
					"$(inherited)",
					"@executable_path/Frameworks",
				);
				PRODUCT_BUNDLE_IDENTIFIER = "br.com.alura.eggplant-brownie";
				PRODUCT_NAME = "$(TARGET_NAME)";
				SWIFT_VERSION = 4.2;
				TARGETED_DEVICE_FAMILY = "1,2";
			};
			name = Debug;
		};
		ED4305832630B8910035A197 /* Release */ = {
			isa = XCBuildConfiguration;
			buildSettings = {
				ASSETCATALOG_COMPILER_APPICON_NAME = AppIcon;
				CODE_SIGN_STYLE = Automatic;
				INFOPLIST_FILE = "eggplant-brownie/Info.plist";
				LD_RUNPATH_SEARCH_PATHS = (
					"$(inherited)",
					"@executable_path/Frameworks",
				);
				PRODUCT_BUNDLE_IDENTIFIER = "br.com.alura.eggplant-brownie";
				PRODUCT_NAME = "$(TARGET_NAME)";
				SWIFT_VERSION = 4.2;
				TARGETED_DEVICE_FAMILY = "1,2";
			};
			name = Release;
		};
/* End XCBuildConfiguration section */

/* Begin XCConfigurationList section */
		ED43056A2630B88E0035A197 /* Build configuration list for PBXProject "eggplant-brownie" */ = {
			isa = XCConfigurationList;
			buildConfigurations = (
				ED43057F2630B8910035A197 /* Debug */,
				ED4305802630B8910035A197 /* Release */,
			);
			defaultConfigurationIsVisible = 0;
			defaultConfigurationName = Release;
		};
		ED4305812630B8910035A197 /* Build configuration list for PBXNativeTarget "eggplant-brownie" */ = {
			isa = XCConfigurationList;
			buildConfigurations = (
				ED4305822630B8910035A197 /* Debug */,
				ED4305832630B8910035A197 /* Release */,
			);
			defaultConfigurationIsVisible = 0;
			defaultConfigurationName = Release;
		};
/* End XCConfigurationList section */
	};
	rootObject = ED4305672630B88E0035A197 /* Project object */;
}
